
Microsoft Visual Studio Solution File, Format Version 12.00
# Visual Studio Version 16
VisualStudioVersion = 16.0.31410.357
MinimumVisualStudioVersion = 10.0.40219.1
Project("{FAE04EC0-301F-11D3-BF4B-00C04F79EFBC}") = "MyPersonalWebPage", "MyPersonalWebPage.csproj", "{12702F5E-6EC8-477B-80B0-CE15A6713D00}"
EndProject
Global
	GlobalSection(SolutionConfigurationPlatforms) = preSolution
		Debug|Any CPU = Debug|Any CPU
		Release|Any CPU = Release|Any CPU
	EndGlobalSection
	GlobalSection(ProjectConfigurationPlatforms) = postSolution
		{12702F5E-6EC8-477B-80B0-CE15A6713D00}.Debug|Any CPU.ActiveCfg = Debug|Any CPU
		{12702F5E-6EC8-477B-80B0-CE15A6713D00}.Debug|Any CPU.Build.0 = Debug|Any CPU
		{12702F5E-6EC8-477B-80B0-CE15A6713D00}.Release|Any CPU.ActiveCfg = Release|Any CPU
		{12702F5E-6EC8-477B-80B0-CE15A6713D00}.Release|Any CPU.Build.0 = Release|Any CPU
	EndGlobalSection
	GlobalSection(SolutionProperties) = preSolution
		HideSolutionNode = FALSE
	EndGlobalSection
	GlobalSection(ExtensibilityGlobals) = postSolution
		SolutionGuid = {E52D7C84-2908-42A5-B0AC-D167663487D4}
	EndGlobalSection
EndGlobal
